{
  "name": "assets",
  "lockfileVersion": 3,
  "requires": true,
  "packages": {
    "": {
      "dependencies": {
        "@phx-hook/audio": "^0.1.0",
        "@phx-hook/copy-to-clipboard": "^0.1.0",
        "@phx-hook/crop-image": "^0.1.4",
        "@phx-hook/drag-drop-detector": "^0.2.0",
        "@phx-hook/focus-list": "^0.1.1",
        "@phx-hook/movable": "^0.1.3",
        "@phx-hook/open-window": "^0.2.0",
        "@phx-hook/prevent-unsaved-changes": "^0.1.0",
        "@phx-hook/resizable": "^0.1.4",
        "@phx-hook/right-click-menu": "^0.1.4",
        "@phx-hook/sortable": "^0.1.1"
      }
    },
    "node_modules/@phx-hook/audio": {
      "version": "0.1.0",
      "resolved": "https://registry.npmjs.org/@phx-hook/audio/-/audio-0.1.0.tgz",
      "integrity": "sha512-BnIJpLXC/ibInQSTcpuuBDzK24hLo3qdLxYY3eG8AERlkwD7RZnxTk5pzTKnPT4H5zKLLs33+wwRyC1ChrBPeg=="
    },
    "node_modules/@phx-hook/copy-to-clipboard": {
      "version": "0.1.0",
      "resolved": "https://registry.npmjs.org/@phx-hook/copy-to-clipboard/-/copy-to-clipboard-0.1.0.tgz",
      "integrity": "sha512-EflYOGVIcI9c5IhwfXaek+hyJ7yeKzatCtdzXRPTfD/i6YThNfVoCxWa3Xh7yAoFKUnypyKxr92gS3lH1zQHjw=="
    },
    "node_modules/@phx-hook/crop-image": {
      "version": "0.1.4",
      "resolved": "https://registry.npmjs.org/@phx-hook/crop-image/-/crop-image-0.1.4.tgz",
      "integrity": "sha512-oypCs6TdvesN1PT1Zz590y8ts3EbAKku4qaYrEaRmfswS8vcZ8Gh4hiDpPqDbGZ21HWWE4a8eOkbLd4gU03mvA==",
      "bin": {
        "vendor": "vendor.js"
      }
    },
    "node_modules/@phx-hook/drag-drop-detector": {
      "version": "0.2.0",
      "resolved": "https://registry.npmjs.org/@phx-hook/drag-drop-detector/-/drag-drop-detector-0.2.0.tgz",
      "integrity": "sha512-/7UAsAj/ASsqcWAJLDDHGuw7O4RsK0kFuqsvLNFQsTjvx1mmQ63Q+Lw2LJEtQggjyxpYcWRt8SzbgG8GEUYMlg=="
    },
    "node_modules/@phx-hook/focus-list": {
      "version": "0.1.1",
      "resolved": "https://registry.npmjs.org/@phx-hook/focus-list/-/focus-list-0.1.1.tgz",
      "integrity": "sha512-T1vjUwT4RvWP8u6D+2nZTI0ugmabTU2tdjEzqZmpS0XlqtpZgAiWBY5mtVBpGMqqIcadgT0dUe+P+E0RdO3Mew=="
    },
    "node_modules/@phx-hook/movable": {
      "version": "0.1.3",
      "resolved": "https://registry.npmjs.org/@phx-hook/movable/-/movable-0.1.3.tgz",
      "integrity": "sha512-HqgCySOXcycjs7/OGTGvlO74chb/TfcNNilGnNI1/8V9TYg+9g3Xkz7swsHH8dN/PRFPWX6uRm4iOBPLhqtcdg==",
      "bin": {
        "vendor": "vendor.js"
      }
    },
    "node_modules/@phx-hook/open-window": {
      "version": "0.2.0",
      "resolved": "https://registry.npmjs.org/@phx-hook/open-window/-/open-window-0.2.0.tgz",
      "integrity": "sha512-EtharXheb28b7WF266j3MXEw8TliwuCBgQwNKzAGAkvNrV75GgubHPWGsC46XhdnvcYqYmli8nL9QXUKPPEoAg==",
      "bin": {
        "vendor": "vendor.js"
      }
    },
    "node_modules/@phx-hook/prevent-unsaved-changes": {
      "version": "0.1.0",
      "resolved": "https://registry.npmjs.org/@phx-hook/prevent-unsaved-changes/-/prevent-unsaved-changes-0.1.0.tgz",
      "integrity": "sha512-jDukgbvXViXKCb4VsGZaoFAj0EQ4y11MEzuMCsClxhvGlNfSl4X5SDCioy/OC3oK+6A0zHd+X5ZA5cy+bdTB8A=="
    },
    "node_modules/@phx-hook/resizable": {
      "version": "0.1.4",
      "resolved": "https://registry.npmjs.org/@phx-hook/resizable/-/resizable-0.1.4.tgz",
      "integrity": "sha512-/nwzGys/PUjnNRHVldemLlbTGWyMFJB+ghGU+UZjLj/jNTaLpVIeZUNFVbHe+n4h8YmwoHsC2a02e4clKePDPg==",
      "bin": {
        "vendor": "vendor.js"
      }
    },
    "node_modules/@phx-hook/right-click-menu": {
      "version": "0.1.4",
      "resolved": "https://registry.npmjs.org/@phx-hook/right-click-menu/-/right-click-menu-0.1.4.tgz",
      "integrity": "sha512-UMN63Y1d0gzb2EuYglMWw5rhyrhatUYj/iMwSM255SpSuHN9fLOYxpnxu37bU0Lv1/7coiYW3hWefsFETJNUgA==",
      "bin": {
        "vendor": "vendor.js"
      }
    },
    "node_modules/@phx-hook/sortable": {
      "version": "0.1.1",
      "resolved": "https://registry.npmjs.org/@phx-hook/sortable/-/sortable-0.1.1.tgz",
      "integrity": "sha512-Hp0Oxz6CV3rNt7pNfXEyirUM6jyD9fX1jxtHpNQpLIVjfmcRYYeqah3ub3U9EOYs8vXoQNOUuTfu+lZxS9ONZw=="
    }
  }
}
