{
  "name": "assets",
  "lockfileVersion": 3,
  "requires": true,
  "packages": {
    "": {
      "dependencies": {
        "@phx-hook/drag-drop-detector": "^0.1.1",
        "@phx-hook/open-window": "^0.1.1",
        "@phx-hook/right-click-menu": "^0.1.1",
        "@phx-hook/sortable": "^0.1.1"
      }
    },
    "node_modules/@phx-hook/drag-drop-detector": {
      "version": "0.1.1",
      "resolved": "https://registry.npmjs.org/@phx-hook/drag-drop-detector/-/drag-drop-detector-0.1.1.tgz",
      "integrity": "sha512-JC2h43zty9diKBmp93gOaMBeGhI77qpMoKfB262kAogyqgx0Z/hdmPRsiHCn6BVdtDVt6t+ByLAcH3LrEnQKVg=="
    },
    "node_modules/@phx-hook/open-window": {
      "version": "0.1.1",
      "resolved": "https://registry.npmjs.org/@phx-hook/open-window/-/open-window-0.1.1.tgz",
      "integrity": "sha512-eZmF4AH9zEhP4sdmTlaRtH7hqe10lXISOSs5SYdwubsrINp4Hz+mGzO1Qx+Vi8M1KxPZ+25/O0LFRZFgzHNrSw=="
    },
    "node_modules/@phx-hook/right-click-menu": {
      "version": "0.1.1",
      "resolved": "https://registry.npmjs.org/@phx-hook/right-click-menu/-/right-click-menu-0.1.1.tgz",
      "integrity": "sha512-MAhZUr0A9dhgl68rXXV+QnN6W93f/HcNmsJAcyP840Vc7Wp9cw4AW8xXLk5+O5jGd/GWGzjtPpqrKAwFZvjvtw=="
    },
    "node_modules/@phx-hook/sortable": {
      "version": "0.1.1",
      "resolved": "https://registry.npmjs.org/@phx-hook/sortable/-/sortable-0.1.1.tgz",
      "integrity": "sha512-Hp0Oxz6CV3rNt7pNfXEyirUM6jyD9fX1jxtHpNQpLIVjfmcRYYeqah3ub3U9EOYs8vXoQNOUuTfu+lZxS9ONZw=="
    }
  }
}
